
Microsoft Visual Studio Solution File, Format Version 12.00
# Visual Studio Version 16
VisualStudioVersion = 16.0.31624.102
MinimumVisualStudioVersion = 10.0.40219.1
Project("{FAE04EC0-301F-11D3-BF4B-00C04F79EFBC}") = "Sealand_Components", "Sealand_Components\Sealand_Components.csproj", "{BC4F89F8-B8DC-47E9-9193-1B5BF9057AA9}"
EndProject
Global
	GlobalSection(SolutionConfigurationPlatforms) = preSolution
		Debug|Any CPU = Debug|Any CPU
		Release|Any CPU = Release|Any CPU
	EndGlobalSection
	GlobalSection(ProjectConfigurationPlatforms) = postSolution
		{BC4F89F8-B8DC-47E9-9193-1B5BF9057AA9}.Debug|Any CPU.ActiveCfg = Debug|Any CPU
		{BC4F89F8-B8DC-47E9-9193-1B5BF9057AA9}.Debug|Any CPU.Build.0 = Debug|Any CPU
		{BC4F89F8-B8DC-47E9-9193-1B5BF9057AA9}.Release|Any CPU.ActiveCfg = Release|Any CPU
		{BC4F89F8-B8DC-47E9-9193-1B5BF9057AA9}.Release|Any CPU.Build.0 = Release|Any CPU
	EndGlobalSection
	GlobalSection(SolutionProperties) = preSolution
		HideSolutionNode = FALSE
	EndGlobalSection
	GlobalSection(ExtensibilityGlobals) = postSolution
		SolutionGuid = {90CBC8E3-244B-4251-ABAF-49A710A2A64D}
	EndGlobalSection
EndGlobal
